
Microsoft Visual Studio Solution File, Format Version 12.00
# Visual Studio Version 17
VisualStudioVersion = 17.6.33717.318
MinimumVisualStudioVersion = 10.0.40219.1
Project("{FAE04EC0-301F-11D3-BF4B-00C04F79EFBC}") = "WebAPIKubernetes", "WebAPIKubernetes\WebAPIKubernetes.csproj", "{578341F4-FF57-4F21-8A45-B8D78183EF3A}"
EndProject
Global
	GlobalSection(SolutionConfigurationPlatforms) = preSolution
		Debug|Any CPU = Debug|Any CPU
		Release|Any CPU = Release|Any CPU
	EndGlobalSection
	GlobalSection(ProjectConfigurationPlatforms) = postSolution
		{578341F4-FF57-4F21-8A45-B8D78183EF3A}.Debug|Any CPU.ActiveCfg = Debug|Any CPU
		{578341F4-FF57-4F21-8A45-B8D78183EF3A}.Debug|Any CPU.Build.0 = Debug|Any CPU
		{578341F4-FF57-4F21-8A45-B8D78183EF3A}.Release|Any CPU.ActiveCfg = Release|Any CPU
		{578341F4-FF57-4F21-8A45-B8D78183EF3A}.Release|Any CPU.Build.0 = Release|Any CPU
	EndGlobalSection
	GlobalSection(SolutionProperties) = preSolution
		HideSolutionNode = FALSE
	EndGlobalSection
	GlobalSection(ExtensibilityGlobals) = postSolution
		SolutionGuid = {2620233D-87B9-4968-9C5B-655B4D03B4EC}
	EndGlobalSection
EndGlobal
